
Microsoft Visual Studio Solution File, Format Version 12.00
# Visual Studio 15
Project("{FAE04EC0-301F-11D3-BF4B-00C04F79EFBC}") = "Turret Rotation", "Turret Rotation.csproj", "{C5159B2F-5B2C-61C9-289C-57A9FEFAD812}"
EndProject
Global
	GlobalSection(SolutionConfigurationPlatforms) = preSolution
		Debug|Any CPU = Debug|Any CPU
		Release|Any CPU = Release|Any CPU
	EndGlobalSection
	GlobalSection(ProjectConfigurationPlatforms) = postSolution
		{C5159B2F-5B2C-61C9-289C-57A9FEFAD812}.Debug|Any CPU.ActiveCfg = Debug|Any CPU
		{C5159B2F-5B2C-61C9-289C-57A9FEFAD812}.Debug|Any CPU.Build.0 = Debug|Any CPU
		{C5159B2F-5B2C-61C9-289C-57A9FEFAD812}.Release|Any CPU.ActiveCfg = Release|Any CPU
		{C5159B2F-5B2C-61C9-289C-57A9FEFAD812}.Release|Any CPU.Build.0 = Release|Any CPU
	EndGlobalSection
	GlobalSection(SolutionProperties) = preSolution
		HideSolutionNode = FALSE
	EndGlobalSection
EndGlobal
